# This file was autogenerated by Stack.
# You should not edit this file by hand.
# For more information, please see the documentation at:
#   https://docs.haskellstack.org/en/stable/lock_files

packages: []
snapshots:
- completed:
    size: 576531
    url: https://raw.githubusercontent.com/commercialhaskell/stackage-snapshots/master/nightly/2021/4/6.yaml
    sha256: 6ce168aed6ba23cfe148061587ba1c0f24a09d4cad8b1a5a29b21878e33d6ef4
  original: nightly-2021-04-06
